// !$*UTF8*$!
{
	archiveVersion = 1;
	classes = {
	};
	objectVersion = 56;
	objects = {

/* Begin PBXBuildFile section */
		776101602922904D00F013F2 /* LogFileView.swift in Sources */ = {isa = PBXBuildFile; fileRef = 7761015F2922904D00F013F2 /* LogFileView.swift */; };
		77634A6F29213C5C00A1898B /* WorkSpace.swift in Sources */ = {isa = PBXBuildFile; fileRef = 77634A6E29213C5C00A1898B /* WorkSpace.swift */; };
		77634A7129213CAC00A1898B /* WorkSpaceView.swift in Sources */ = {isa = PBXBuildFile; fileRef = 77634A7029213CAC00A1898B /* WorkSpaceView.swift */; };
		77634A792921791700A1898B /* FunGitTests.swift in Sources */ = {isa = PBXBuildFile; fileRef = 77634A782921791700A1898B /* FunGitTests.swift */; };
		77902B3F2921241800D0391A /* FunGitApp.swift in Sources */ = {isa = PBXBuildFile; fileRef = 77902B3E2921241800D0391A /* FunGitApp.swift */; };
		77902B412921241800D0391A /* ContentView.swift in Sources */ = {isa = PBXBuildFile; fileRef = 77902B402921241800D0391A /* ContentView.swift */; };
		77902B432921241800D0391A /* Assets.xcassets in Resources */ = {isa = PBXBuildFile; fileRef = 77902B422921241800D0391A /* Assets.xcassets */; };
		77902B462921241800D0391A /* Preview Assets.xcassets in Resources */ = {isa = PBXBuildFile; fileRef = 77902B452921241800D0391A /* Preview Assets.xcassets */; };
		77902B4E2921241E00D0391A /* Actions.swift in Sources */ = {isa = PBXBuildFile; fileRef = 77902B4D2921241E00D0391A /* Actions.swift */; };
		77C1D6AF29229CDE009A8AFF /* GitLogInterpreter.docc in Sources */ = {isa = PBXBuildFile; fileRef = 77C1D6AE29229CDE009A8AFF /* GitLogInterpreter.docc */; };
		77C1D6B529229CDE009A8AFF /* GitLogInterpreter.framework in Frameworks */ = {isa = PBXBuildFile; fileRef = 77C1D6AB29229CDE009A8AFF /* GitLogInterpreter.framework */; };
		77C1D6BC29229CDE009A8AFF /* GitLogInterpreterTests.swift in Sources */ = {isa = PBXBuildFile; fileRef = 77C1D6BB29229CDE009A8AFF /* GitLogInterpreterTests.swift */; };
		77C1D6BD29229CDE009A8AFF /* GitLogInterpreter.h in Headers */ = {isa = PBXBuildFile; fileRef = 77C1D6AD29229CDE009A8AFF /* GitLogInterpreter.h */; settings = {ATTRIBUTES = (Public, ); }; };
		77C1D6C029229CDE009A8AFF /* GitLogInterpreter.framework in Frameworks */ = {isa = PBXBuildFile; fileRef = 77C1D6AB29229CDE009A8AFF /* GitLogInterpreter.framework */; };
		77C1D6C129229CDE009A8AFF /* GitLogInterpreter.framework in Embed Frameworks */ = {isa = PBXBuildFile; fileRef = 77C1D6AB29229CDE009A8AFF /* GitLogInterpreter.framework */; settings = {ATTRIBUTES = (CodeSignOnCopy, RemoveHeadersOnCopy, ); }; };
		77C1D6CA29229CEF009A8AFF /* LogEntry.swift in Sources */ = {isa = PBXBuildFile; fileRef = 77C1D6C929229CEF009A8AFF /* LogEntry.swift */; };
/* End PBXBuildFile section */

/* Begin PBXContainerItemProxy section */
		77634A7A2921791700A1898B /* PBXContainerItemProxy */ = {
			isa = PBXContainerItemProxy;
			containerPortal = 77902B332921241700D0391A /* Project object */;
			proxyType = 1;
			remoteGlobalIDString = 77902B3A2921241800D0391A;
			remoteInfo = FunGit;
		};
		77C1D6B629229CDE009A8AFF /* PBXContainerItemProxy */ = {
			isa = PBXContainerItemProxy;
			containerPortal = 77902B332921241700D0391A /* Project object */;
			proxyType = 1;
			remoteGlobalIDString = 77C1D6AA29229CDE009A8AFF;
			remoteInfo = GitLogInterpreter;
		};
		77C1D6B829229CDE009A8AFF /* PBXContainerItemProxy */ = {
			isa = PBXContainerItemProxy;
			containerPortal = 77902B332921241700D0391A /* Project object */;
			proxyType = 1;
			remoteGlobalIDString = 77902B3A2921241800D0391A;
			remoteInfo = FunGit;
		};
		77C1D6BE29229CDE009A8AFF /* PBXContainerItemProxy */ = {
			isa = PBXContainerItemProxy;
			containerPortal = 77902B332921241700D0391A /* Project object */;
			proxyType = 1;
			remoteGlobalIDString = 77C1D6AA29229CDE009A8AFF;
			remoteInfo = GitLogInterpreter;
		};
/* End PBXContainerItemProxy section */

/* Begin PBXCopyFilesBuildPhase section */
		77C1D6C229229CDE009A8AFF /* Embed Frameworks */ = {
			isa = PBXCopyFilesBuildPhase;
			buildActionMask = 2147483647;
			dstPath = "";
			dstSubfolderSpec = 10;
			files = (
				77C1D6C129229CDE009A8AFF /* GitLogInterpreter.framework in Embed Frameworks */,
			);
			name = "Embed Frameworks";
			runOnlyForDeploymentPostprocessing = 0;
		};
/* End PBXCopyFilesBuildPhase section */

/* Begin PBXFileReference section */
		7761015F2922904D00F013F2 /* LogFileView.swift */ = {isa = PBXFileReference; lastKnownFileType = sourcecode.swift; path = LogFileView.swift; sourceTree = "<group>"; };
		77634A6E29213C5C00A1898B /* WorkSpace.swift */ = {isa = PBXFileReference; lastKnownFileType = sourcecode.swift; path = WorkSpace.swift; sourceTree = "<group>"; };
		77634A7029213CAC00A1898B /* WorkSpaceView.swift */ = {isa = PBXFileReference; lastKnownFileType = sourcecode.swift; path = WorkSpaceView.swift; sourceTree = "<group>"; };
		77634A762921791700A1898B /* FunGitTests.xctest */ = {isa = PBXFileReference; explicitFileType = wrapper.cfbundle; includeInIndex = 0; path = FunGitTests.xctest; sourceTree = BUILT_PRODUCTS_DIR; };
		77634A782921791700A1898B /* FunGitTests.swift */ = {isa = PBXFileReference; lastKnownFileType = sourcecode.swift; path = FunGitTests.swift; sourceTree = "<group>"; };
		77902B3B2921241800D0391A /* FunGit.app */ = {isa = PBXFileReference; explicitFileType = wrapper.application; includeInIndex = 0; path = FunGit.app; sourceTree = BUILT_PRODUCTS_DIR; };
		77902B3E2921241800D0391A /* FunGitApp.swift */ = {isa = PBXFileReference; lastKnownFileType = sourcecode.swift; path = FunGitApp.swift; sourceTree = "<group>"; };
		77902B402921241800D0391A /* ContentView.swift */ = {isa = PBXFileReference; lastKnownFileType = sourcecode.swift; path = ContentView.swift; sourceTree = "<group>"; };
		77902B422921241800D0391A /* Assets.xcassets */ = {isa = PBXFileReference; lastKnownFileType = folder.assetcatalog; path = Assets.xcassets; sourceTree = "<group>"; };
		77902B452921241800D0391A /* Preview Assets.xcassets */ = {isa = PBXFileReference; lastKnownFileType = folder.assetcatalog; path = "Preview Assets.xcassets"; sourceTree = "<group>"; };
		77902B472921241800D0391A /* FunGit.entitlements */ = {isa = PBXFileReference; lastKnownFileType = text.plist.entitlements; path = FunGit.entitlements; sourceTree = "<group>"; };
		77902B4D2921241E00D0391A /* Actions.swift */ = {isa = PBXFileReference; lastKnownFileType = sourcecode.swift; path = Actions.swift; sourceTree = "<group>"; };
		77C1D6AB29229CDE009A8AFF /* GitLogInterpreter.framework */ = {isa = PBXFileReference; explicitFileType = wrapper.framework; includeInIndex = 0; path = GitLogInterpreter.framework; sourceTree = BUILT_PRODUCTS_DIR; };
		77C1D6AD29229CDE009A8AFF /* GitLogInterpreter.h */ = {isa = PBXFileReference; lastKnownFileType = sourcecode.c.h; path = GitLogInterpreter.h; sourceTree = "<group>"; };
		77C1D6AE29229CDE009A8AFF /* GitLogInterpreter.docc */ = {isa = PBXFileReference; lastKnownFileType = folder.documentationcatalog; path = GitLogInterpreter.docc; sourceTree = "<group>"; };
		77C1D6B429229CDE009A8AFF /* GitLogInterpreterTests.xctest */ = {isa = PBXFileReference; explicitFileType = wrapper.cfbundle; includeInIndex = 0; path = GitLogInterpreterTests.xctest; sourceTree = BUILT_PRODUCTS_DIR; };
		77C1D6BB29229CDE009A8AFF /* GitLogInterpreterTests.swift */ = {isa = PBXFileReference; lastKnownFileType = sourcecode.swift; path = GitLogInterpreterTests.swift; sourceTree = "<group>"; };
		77C1D6C929229CEF009A8AFF /* LogEntry.swift */ = {isa = PBXFileReference; lastKnownFileType = sourcecode.swift; path = LogEntry.swift; sourceTree = "<group>"; };
/* End PBXFileReference section */

/* Begin PBXFrameworksBuildPhase section */
		77634A732921791700A1898B /* Frameworks */ = {
			isa = PBXFrameworksBuildPhase;
			buildActionMask = 2147483647;
			files = (
			);
			runOnlyForDeploymentPostprocessing = 0;
		};
		77902B382921241800D0391A /* Frameworks */ = {
			isa = PBXFrameworksBuildPhase;
			buildActionMask = 2147483647;
			files = (
				77C1D6C029229CDE009A8AFF /* GitLogInterpreter.framework in Frameworks */,
			);
			runOnlyForDeploymentPostprocessing = 0;
		};
		77C1D6A829229CDE009A8AFF /* Frameworks */ = {
			isa = PBXFrameworksBuildPhase;
			buildActionMask = 2147483647;
			files = (
			);
			runOnlyForDeploymentPostprocessing = 0;
		};
		77C1D6B129229CDE009A8AFF /* Frameworks */ = {
			isa = PBXFrameworksBuildPhase;
			buildActionMask = 2147483647;
			files = (
				77C1D6B529229CDE009A8AFF /* GitLogInterpreter.framework in Frameworks */,
			);
			runOnlyForDeploymentPostprocessing = 0;
		};
/* End PBXFrameworksBuildPhase section */

/* Begin PBXGroup section */
		77634A772921791700A1898B /* FunGitTests */ = {
			isa = PBXGroup;
			children = (
				77634A782921791700A1898B /* FunGitTests.swift */,
			);
			path = FunGitTests;
			sourceTree = "<group>";
		};
		77902B322921241700D0391A = {
			isa = PBXGroup;
			children = (
				77902B3D2921241800D0391A /* FunGit */,
				77634A772921791700A1898B /* FunGitTests */,
				77C1D6AC29229CDE009A8AFF /* GitLogInterpreter */,
				77C1D6BA29229CDE009A8AFF /* GitLogInterpreterTests */,
				77902B3C2921241800D0391A /* Products */,
			);
			sourceTree = "<group>";
		};
		77902B3C2921241800D0391A /* Products */ = {
			isa = PBXGroup;
			children = (
				77902B3B2921241800D0391A /* FunGit.app */,
				77634A762921791700A1898B /* FunGitTests.xctest */,
				77C1D6AB29229CDE009A8AFF /* GitLogInterpreter.framework */,
				77C1D6B429229CDE009A8AFF /* GitLogInterpreterTests.xctest */,
			);
			name = Products;
			sourceTree = "<group>";
		};
		77902B3D2921241800D0391A /* FunGit */ = {
			isa = PBXGroup;
			children = (
				7761015F2922904D00F013F2 /* LogFileView.swift */,
				77902B3E2921241800D0391A /* FunGitApp.swift */,
				77902B402921241800D0391A /* ContentView.swift */,
				77634A7029213CAC00A1898B /* WorkSpaceView.swift */,
				77634A6E29213C5C00A1898B /* WorkSpace.swift */,
				77902B4D2921241E00D0391A /* Actions.swift */,
				77902B422921241800D0391A /* Assets.xcassets */,
				77902B472921241800D0391A /* FunGit.entitlements */,
				77902B442921241800D0391A /* Preview Content */,
			);
			path = FunGit;
			sourceTree = "<group>";
		};
		77902B442921241800D0391A /* Preview Content */ = {
			isa = PBXGroup;
			children = (
				77902B452921241800D0391A /* Preview Assets.xcassets */,
			);
			path = "Preview Content";
			sourceTree = "<group>";
		};
		77C1D6AC29229CDE009A8AFF /* GitLogInterpreter */ = {
			isa = PBXGroup;
			children = (
				77C1D6AD29229CDE009A8AFF /* GitLogInterpreter.h */,
				77C1D6C929229CEF009A8AFF /* LogEntry.swift */,
				77C1D6AE29229CDE009A8AFF /* GitLogInterpreter.docc */,
			);
			path = GitLogInterpreter;
			sourceTree = "<group>";
		};
		77C1D6BA29229CDE009A8AFF /* GitLogInterpreterTests */ = {
			isa = PBXGroup;
			children = (
				77C1D6BB29229CDE009A8AFF /* GitLogInterpreterTests.swift */,
			);
			path = GitLogInterpreterTests;
			sourceTree = "<group>";
		};
/* End PBXGroup section */

/* Begin PBXHeadersBuildPhase section */
		77C1D6A629229CDE009A8AFF /* Headers */ = {
			isa = PBXHeadersBuildPhase;
			buildActionMask = 2147483647;
			files = (
				77C1D6BD29229CDE009A8AFF /* GitLogInterpreter.h in Headers */,
			);
			runOnlyForDeploymentPostprocessing = 0;
		};
/* End PBXHeadersBuildPhase section */

/* Begin PBXNativeTarget section */
		77634A752921791700A1898B /* FunGitTests */ = {
			isa = PBXNativeTarget;
			buildConfigurationList = 77634A7C2921791700A1898B /* Build configuration list for PBXNativeTarget "FunGitTests" */;
			buildPhases = (
				77634A722921791700A1898B /* Sources */,
				77634A732921791700A1898B /* Frameworks */,
				77634A742921791700A1898B /* Resources */,
			);
			buildRules = (
			);
			dependencies = (
				77634A7B2921791700A1898B /* PBXTargetDependency */,
			);
			name = FunGitTests;
			productName = FunGitTests;
			productReference = 77634A762921791700A1898B /* FunGitTests.xctest */;
			productType = "com.apple.product-type.bundle.unit-test";
		};
		77902B3A2921241800D0391A /* FunGit */ = {
			isa = PBXNativeTarget;
			buildConfigurationList = 77902B4A2921241800D0391A /* Build configuration list for PBXNativeTarget "FunGit" */;
			buildPhases = (
				77902B372921241800D0391A /* Sources */,
				77902B382921241800D0391A /* Frameworks */,
				77902B392921241800D0391A /* Resources */,
				77C1D6C229229CDE009A8AFF /* Embed Frameworks */,
			);
			buildRules = (
			);
			dependencies = (
				77C1D6BF29229CDE009A8AFF /* PBXTargetDependency */,
			);
			name = FunGit;
			productName = FunGit;
			productReference = 77902B3B2921241800D0391A /* FunGit.app */;
			productType = "com.apple.product-type.application";
		};
		77C1D6AA29229CDE009A8AFF /* GitLogInterpreter */ = {
			isa = PBXNativeTarget;
			buildConfigurationList = 77C1D6C729229CDE009A8AFF /* Build configuration list for PBXNativeTarget "GitLogInterpreter" */;
			buildPhases = (
				77C1D6A629229CDE009A8AFF /* Headers */,
				77C1D6A729229CDE009A8AFF /* Sources */,
				77C1D6A829229CDE009A8AFF /* Frameworks */,
				77C1D6A929229CDE009A8AFF /* Resources */,
			);
			buildRules = (
			);
			dependencies = (
			);
			name = GitLogInterpreter;
			productName = GitLogInterpreter;
			productReference = 77C1D6AB29229CDE009A8AFF /* GitLogInterpreter.framework */;
			productType = "com.apple.product-type.framework";
		};
		77C1D6B329229CDE009A8AFF /* GitLogInterpreterTests */ = {
			isa = PBXNativeTarget;
			buildConfigurationList = 77C1D6C829229CDE009A8AFF /* Build configuration list for PBXNativeTarget "GitLogInterpreterTests" */;
			buildPhases = (
				77C1D6B029229CDE009A8AFF /* Sources */,
				77C1D6B129229CDE009A8AFF /* Frameworks */,
				77C1D6B229229CDE009A8AFF /* Resources */,
			);
			buildRules = (
			);
			dependencies = (
				77C1D6B729229CDE009A8AFF /* PBXTargetDependency */,
				77C1D6B929229CDE009A8AFF /* PBXTargetDependency */,
			);
			name = GitLogInterpreterTests;
			productName = GitLogInterpreterTests;
			productReference = 77C1D6B429229CDE009A8AFF /* GitLogInterpreterTests.xctest */;
			productType = "com.apple.product-type.bundle.unit-test";
		};
/* End PBXNativeTarget section */

/* Begin PBXProject section */
		77902B332921241700D0391A /* Project object */ = {
			isa = PBXProject;
			attributes = {
				BuildIndependentTargetsInParallel = 1;
				LastSwiftUpdateCheck = 1410;
				LastUpgradeCheck = 1410;
				TargetAttributes = {
					77634A752921791700A1898B = {
						CreatedOnToolsVersion = 14.1;
						TestTargetID = 77902B3A2921241800D0391A;
					};
					77902B3A2921241800D0391A = {
						CreatedOnToolsVersion = 14.1;
					};
					77C1D6AA29229CDE009A8AFF = {
						CreatedOnToolsVersion = 14.1;
					};
					77C1D6B329229CDE009A8AFF = {
						CreatedOnToolsVersion = 14.1;
						TestTargetID = 77902B3A2921241800D0391A;
					};
				};
			};
			buildConfigurationList = 77902B362921241700D0391A /* Build configuration list for PBXProject "FunGit" */;
			compatibilityVersion = "Xcode 14.0";
			developmentRegion = en;
			hasScannedForEncodings = 0;
			knownRegions = (
				en,
				Base,
			);
			mainGroup = 77902B322921241700D0391A;
			productRefGroup = 77902B3C2921241800D0391A /* Products */;
			projectDirPath = "";
			projectRoot = "";
			targets = (
				77902B3A2921241800D0391A /* FunGit */,
				77634A752921791700A1898B /* FunGitTests */,
				77C1D6AA29229CDE009A8AFF /* GitLogInterpreter */,
				77C1D6B329229CDE009A8AFF /* GitLogInterpreterTests */,
			);
		};
/* End PBXProject section */

/* Begin PBXResourcesBuildPhase section */
		77634A742921791700A1898B /* Resources */ = {
			isa = PBXResourcesBuildPhase;
			buildActionMask = 2147483647;
			files = (
			);
			runOnlyForDeploymentPostprocessing = 0;
		};
		77902B392921241800D0391A /* Resources */ = {
			isa = PBXResourcesBuildPhase;
			buildActionMask = 2147483647;
			files = (
				77902B462921241800D0391A /* Preview Assets.xcassets in Resources */,
				77902B432921241800D0391A /* Assets.xcassets in Resources */,
			);
			runOnlyForDeploymentPostprocessing = 0;
		};
		77C1D6A929229CDE009A8AFF /* Resources */ = {
			isa = PBXResourcesBuildPhase;
			buildActionMask = 2147483647;
			files = (
			);
			runOnlyForDeploymentPostprocessing = 0;
		};
		77C1D6B229229CDE009A8AFF /* Resources */ = {
			isa = PBXResourcesBuildPhase;
			buildActionMask = 2147483647;
			files = (
			);
			runOnlyForDeploymentPostprocessing = 0;
		};
/* End PBXResourcesBuildPhase section */

/* Begin PBXSourcesBuildPhase section */
		77634A722921791700A1898B /* Sources */ = {
			isa = PBXSourcesBuildPhase;
			buildActionMask = 2147483647;
			files = (
				77634A792921791700A1898B /* FunGitTests.swift in Sources */,
			);
			runOnlyForDeploymentPostprocessing = 0;
		};
		77902B372921241800D0391A /* Sources */ = {
			isa = PBXSourcesBuildPhase;
			buildActionMask = 2147483647;
			files = (
				77902B412921241800D0391A /* ContentView.swift in Sources */,
				77634A6F29213C5C00A1898B /* WorkSpace.swift in Sources */,
				77634A7129213CAC00A1898B /* WorkSpaceView.swift in Sources */,
				77902B4E2921241E00D0391A /* Actions.swift in Sources */,
				77902B3F2921241800D0391A /* FunGitApp.swift in Sources */,
				776101602922904D00F013F2 /* LogFileView.swift in Sources */,
			);
			runOnlyForDeploymentPostprocessing = 0;
		};
		77C1D6A729229CDE009A8AFF /* Sources */ = {
			isa = PBXSourcesBuildPhase;
			buildActionMask = 2147483647;
			files = (
				77C1D6AF29229CDE009A8AFF /* GitLogInterpreter.docc in Sources */,
				77C1D6CA29229CEF009A8AFF /* LogEntry.swift in Sources */,
			);
			runOnlyForDeploymentPostprocessing = 0;
		};
		77C1D6B029229CDE009A8AFF /* Sources */ = {
			isa = PBXSourcesBuildPhase;
			buildActionMask = 2147483647;
			files = (
				77C1D6BC29229CDE009A8AFF /* GitLogInterpreterTests.swift in Sources */,
			);
			runOnlyForDeploymentPostprocessing = 0;
		};
/* End PBXSourcesBuildPhase section */

/* Begin PBXTargetDependency section */
		77634A7B2921791700A1898B /* PBXTargetDependency */ = {
			isa = PBXTargetDependency;
			target = 77902B3A2921241800D0391A /* FunGit */;
			targetProxy = 77634A7A2921791700A1898B /* PBXContainerItemProxy */;
		};
		77C1D6B729229CDE009A8AFF /* PBXTargetDependency */ = {
			isa = PBXTargetDependency;
			target = 77C1D6AA29229CDE009A8AFF /* GitLogInterpreter */;
			targetProxy = 77C1D6B629229CDE009A8AFF /* PBXContainerItemProxy */;
		};
		77C1D6B929229CDE009A8AFF /* PBXTargetDependency */ = {
			isa = PBXTargetDependency;
			target = 77902B3A2921241800D0391A /* FunGit */;
			targetProxy = 77C1D6B829229CDE009A8AFF /* PBXContainerItemProxy */;
		};
		77C1D6BF29229CDE009A8AFF /* PBXTargetDependency */ = {
			isa = PBXTargetDependency;
			target = 77C1D6AA29229CDE009A8AFF /* GitLogInterpreter */;
			targetProxy = 77C1D6BE29229CDE009A8AFF /* PBXContainerItemProxy */;
		};
/* End PBXTargetDependency section */

/* Begin XCBuildConfiguration section */
		77634A7D2921791700A1898B /* Debug */ = {
			isa = XCBuildConfiguration;
			buildSettings = {
				BUNDLE_LOADER = "$(TEST_HOST)";
				CODE_SIGN_STYLE = Automatic;
				CURRENT_PROJECT_VERSION = 1;
				DEVELOPMENT_TEAM = W4TK6FX4PU;
				GENERATE_INFOPLIST_FILE = YES;
				IPHONEOS_DEPLOYMENT_TARGET = 16.1;
				MACOSX_DEPLOYMENT_TARGET = 13.0;
				MARKETING_VERSION = 1.0;
				PRODUCT_BUNDLE_IDENTIFIER = com.makabaka.FunGitTests;
				PRODUCT_NAME = "$(TARGET_NAME)";
				SDKROOT = auto;
				SUPPORTED_PLATFORMS = "iphoneos iphonesimulator macosx";
				SWIFT_EMIT_LOC_STRINGS = NO;
				SWIFT_VERSION = 5.0;
				TARGETED_DEVICE_FAMILY = "1,2";
				TEST_HOST = "$(BUILT_PRODUCTS_DIR)/FunGit.app/$(BUNDLE_EXECUTABLE_FOLDER_PATH)/FunGit";
			};
			name = Debug;
		};
		77634A7E2921791700A1898B /* Release */ = {
			isa = XCBuildConfiguration;
			buildSettings = {
				BUNDLE_LOADER = "$(TEST_HOST)";
				CODE_SIGN_STYLE = Automatic;
				CURRENT_PROJECT_VERSION = 1;
				DEVELOPMENT_TEAM = W4TK6FX4PU;
				GENERATE_INFOPLIST_FILE = YES;
				IPHONEOS_DEPLOYMENT_TARGET = 16.1;
				MACOSX_DEPLOYMENT_TARGET = 13.0;
				MARKETING_VERSION = 1.0;
				PRODUCT_BUNDLE_IDENTIFIER = com.makabaka.FunGitTests;
				PRODUCT_NAME = "$(TARGET_NAME)";
				SDKROOT = auto;
				SUPPORTED_PLATFORMS = "iphoneos iphonesimulator macosx";
				SWIFT_EMIT_LOC_STRINGS = NO;
				SWIFT_VERSION = 5.0;
				TARGETED_DEVICE_FAMILY = "1,2";
				TEST_HOST = "$(BUILT_PRODUCTS_DIR)/FunGit.app/$(BUNDLE_EXECUTABLE_FOLDER_PATH)/FunGit";
			};
			name = Release;
		};
		77902B482921241800D0391A /* Debug */ = {
			isa = XCBuildConfiguration;
			buildSettings = {
				ALWAYS_SEARCH_USER_PATHS = NO;
				CLANG_ANALYZER_NONNULL = YES;
				CLANG_ANALYZER_NUMBER_OBJECT_CONVERSION = YES_AGGRESSIVE;
				CLANG_CXX_LANGUAGE_STANDARD = "gnu++20";
				CLANG_ENABLE_MODULES = YES;
				CLANG_ENABLE_OBJC_ARC = YES;
				CLANG_ENABLE_OBJC_WEAK = YES;
				CLANG_WARN_BLOCK_CAPTURE_AUTORELEASING = YES;
				CLANG_WARN_BOOL_CONVERSION = YES;
				CLANG_WARN_COMMA = YES;
				CLANG_WARN_CONSTANT_CONVERSION = YES;
				CLANG_WARN_DEPRECATED_OBJC_IMPLEMENTATIONS = YES;
				CLANG_WARN_DIRECT_OBJC_ISA_USAGE = YES_ERROR;
				CLANG_WARN_DOCUMENTATION_COMMENTS = YES;
				CLANG_WARN_EMPTY_BODY = YES;
				CLANG_WARN_ENUM_CONVERSION = YES;
				CLANG_WARN_INFINITE_RECURSION = YES;
				CLANG_WARN_INT_CONVERSION = YES;
				CLANG_WARN_NON_LITERAL_NULL_CONVERSION = YES;
				CLANG_WARN_OBJC_IMPLICIT_RETAIN_SELF = YES;
				CLANG_WARN_OBJC_LITERAL_CONVERSION = YES;
				CLANG_WARN_OBJC_ROOT_CLASS = YES_ERROR;
				CLANG_WARN_QUOTED_INCLUDE_IN_FRAMEWORK_HEADER = YES;
				CLANG_WARN_RANGE_LOOP_ANALYSIS = YES;
				CLANG_WARN_STRICT_PROTOTYPES = YES;
				CLANG_WARN_SUSPICIOUS_MOVE = YES;
				CLANG_WARN_UNGUARDED_AVAILABILITY = YES_AGGRESSIVE;
				CLANG_WARN_UNREACHABLE_CODE = YES;
				CLANG_WARN__DUPLICATE_METHOD_MATCH = YES;
				COPY_PHASE_STRIP = NO;
				DEBUG_INFORMATION_FORMAT = dwarf;
				ENABLE_STRICT_OBJC_MSGSEND = YES;
				ENABLE_TESTABILITY = YES;
				GCC_C_LANGUAGE_STANDARD = gnu11;
				GCC_DYNAMIC_NO_PIC = NO;
				GCC_NO_COMMON_BLOCKS = YES;
				GCC_OPTIMIZATION_LEVEL = 0;
				GCC_PREPROCESSOR_DEFINITIONS = (
					"DEBUG=1",
					"$(inherited)",
				);
				GCC_WARN_64_TO_32_BIT_CONVERSION = YES;
				GCC_WARN_ABOUT_RETURN_TYPE = YES_ERROR;
				GCC_WARN_UNDECLARED_SELECTOR = YES;
				GCC_WARN_UNINITIALIZED_AUTOS = YES_AGGRESSIVE;
				GCC_WARN_UNUSED_FUNCTION = YES;
				GCC_WARN_UNUSED_VARIABLE = YES;
				MACOSX_DEPLOYMENT_TARGET = 13.0;
				MTL_ENABLE_DEBUG_INFO = INCLUDE_SOURCE;
				MTL_FAST_MATH = YES;
				ONLY_ACTIVE_ARCH = YES;
				SDKROOT = macosx;
				SWIFT_ACTIVE_COMPILATION_CONDITIONS = DEBUG;
				SWIFT_OPTIMIZATION_LEVEL = "-Onone";
			};
			name = Debug;
		};
		77902B492921241800D0391A /* Release */ = {
			isa = XCBuildConfiguration;
			buildSettings = {
				ALWAYS_SEARCH_USER_PATHS = NO;
				CLANG_ANALYZER_NONNULL = YES;
				CLANG_ANALYZER_NUMBER_OBJECT_CONVERSION = YES_AGGRESSIVE;
				CLANG_CXX_LANGUAGE_STANDARD = "gnu++20";
				CLANG_ENABLE_MODULES = YES;
				CLANG_ENABLE_OBJC_ARC = YES;
				CLANG_ENABLE_OBJC_WEAK = YES;
				CLANG_WARN_BLOCK_CAPTURE_AUTORELEASING = YES;
				CLANG_WARN_BOOL_CONVERSION = YES;
				CLANG_WARN_COMMA = YES;
				CLANG_WARN_CONSTANT_CONVERSION = YES;
				CLANG_WARN_DEPRECATED_OBJC_IMPLEMENTATIONS = YES;
				CLANG_WARN_DIRECT_OBJC_ISA_USAGE = YES_ERROR;
				CLANG_WARN_DOCUMENTATION_COMMENTS = YES;
				CLANG_WARN_EMPTY_BODY = YES;
				CLANG_WARN_ENUM_CONVERSION = YES;
				CLANG_WARN_INFINITE_RECURSION = YES;
				CLANG_WARN_INT_CONVERSION = YES;
				CLANG_WARN_NON_LITERAL_NULL_CONVERSION = YES;
				CLANG_WARN_OBJC_IMPLICIT_RETAIN_SELF = YES;
				CLANG_WARN_OBJC_LITERAL_CONVERSION = YES;
				CLANG_WARN_OBJC_ROOT_CLASS = YES_ERROR;
				CLANG_WARN_QUOTED_INCLUDE_IN_FRAMEWORK_HEADER = YES;
				CLANG_WARN_RANGE_LOOP_ANALYSIS = YES;
				CLANG_WARN_STRICT_PROTOTYPES = YES;
				CLANG_WARN_SUSPICIOUS_MOVE = YES;
				CLANG_WARN_UNGUARDED_AVAILABILITY = YES_AGGRESSIVE;
				CLANG_WARN_UNREACHABLE_CODE = YES;
				CLANG_WARN__DUPLICATE_METHOD_MATCH = YES;
				COPY_PHASE_STRIP = NO;
				DEBUG_INFORMATION_FORMAT = "dwarf-with-dsym";
				ENABLE_NS_ASSERTIONS = NO;
				ENABLE_STRICT_OBJC_MSGSEND = YES;
				GCC_C_LANGUAGE_STANDARD = gnu11;
				GCC_NO_COMMON_BLOCKS = YES;
				GCC_WARN_64_TO_32_BIT_CONVERSION = YES;
				GCC_WARN_ABOUT_RETURN_TYPE = YES_ERROR;
				GCC_WARN_UNDECLARED_SELECTOR = YES;
				GCC_WARN_UNINITIALIZED_AUTOS = YES_AGGRESSIVE;
				GCC_WARN_UNUSED_FUNCTION = YES;
				GCC_WARN_UNUSED_VARIABLE = YES;
				MACOSX_DEPLOYMENT_TARGET = 13.0;
				MTL_ENABLE_DEBUG_INFO = NO;
				MTL_FAST_MATH = YES;
				SDKROOT = macosx;
				SWIFT_COMPILATION_MODE = wholemodule;
				SWIFT_OPTIMIZATION_LEVEL = "-O";
			};
			name = Release;
		};
		77902B4B2921241800D0391A /* Debug */ = {
			isa = XCBuildConfiguration;
			buildSettings = {
				ALWAYS_EMBED_SWIFT_STANDARD_LIBRARIES = YES;
				ASSETCATALOG_COMPILER_APPICON_NAME = AppIcon;
				ASSETCATALOG_COMPILER_GLOBAL_ACCENT_COLOR_NAME = AccentColor;
				CODE_SIGN_ENTITLEMENTS = FunGit/FunGit.entitlements;
				CODE_SIGN_STYLE = Automatic;
				COMBINE_HIDPI_IMAGES = YES;
				CURRENT_PROJECT_VERSION = 1;
				DEVELOPMENT_ASSET_PATHS = "\"FunGit/Preview Content\"";
				DEVELOPMENT_TEAM = W4TK6FX4PU;
				ENABLE_HARDENED_RUNTIME = YES;
				ENABLE_PREVIEWS = YES;
				GENERATE_INFOPLIST_FILE = YES;
				INFOPLIST_KEY_NSHumanReadableCopyright = "";
				LD_RUNPATH_SEARCH_PATHS = (
					"$(inherited)",
					"@executable_path/../Frameworks",
				);
				MARKETING_VERSION = 1.0;
				PRODUCT_BUNDLE_IDENTIFIER = com.makabaka.FunGit;
				PRODUCT_NAME = "$(TARGET_NAME)";
				SWIFT_EMIT_LOC_STRINGS = YES;
				SWIFT_VERSION = 5.0;
			};
			name = Debug;
		};
		77902B4C2921241800D0391A /* Release */ = {
			isa = XCBuildConfiguration;
			buildSettings = {
				ALWAYS_EMBED_SWIFT_STANDARD_LIBRARIES = YES;
				ASSETCATALOG_COMPILER_APPICON_NAME = AppIcon;
				ASSETCATALOG_COMPILER_GLOBAL_ACCENT_COLOR_NAME = AccentColor;
				CODE_SIGN_ENTITLEMENTS = FunGit/FunGit.entitlements;
				CODE_SIGN_STYLE = Automatic;
				COMBINE_HIDPI_IMAGES = YES;
				CURRENT_PROJECT_VERSION = 1;
				DEVELOPMENT_ASSET_PATHS = "\"FunGit/Preview Content\"";
				DEVELOPMENT_TEAM = W4TK6FX4PU;
				ENABLE_HARDENED_RUNTIME = YES;
				ENABLE_PREVIEWS = YES;
				GENERATE_INFOPLIST_FILE = YES;
				INFOPLIST_KEY_NSHumanReadableCopyright = "";
				LD_RUNPATH_SEARCH_PATHS = (
					"$(inherited)",
					"@executable_path/../Frameworks",
				);
				MARKETING_VERSION = 1.0;
				PRODUCT_BUNDLE_IDENTIFIER = com.makabaka.FunGit;
				PRODUCT_NAME = "$(TARGET_NAME)";
				SWIFT_EMIT_LOC_STRINGS = YES;
				SWIFT_VERSION = 5.0;
			};
			name = Release;
		};
		77C1D6C329229CDE009A8AFF /* Debug */ = {
			isa = XCBuildConfiguration;
			buildSettings = {
				CODE_SIGN_STYLE = Automatic;
				COMBINE_HIDPI_IMAGES = YES;
				CURRENT_PROJECT_VERSION = 1;
				DEFINES_MODULE = YES;
				DEVELOPMENT_TEAM = W4TK6FX4PU;
				DYLIB_COMPATIBILITY_VERSION = 1;
				DYLIB_CURRENT_VERSION = 1;
				DYLIB_INSTALL_NAME_BASE = "@rpath";
				GENERATE_INFOPLIST_FILE = YES;
				INFOPLIST_KEY_NSHumanReadableCopyright = "";
				INSTALL_PATH = "$(LOCAL_LIBRARY_DIR)/Frameworks";
				LD_RUNPATH_SEARCH_PATHS = (
					"$(inherited)",
					"@executable_path/../Frameworks",
					"@loader_path/Frameworks",
				);
				MARKETING_VERSION = 1.0;
				PRODUCT_BUNDLE_IDENTIFIER = com.makabaka.GitLogInterpreter;
				PRODUCT_NAME = "$(TARGET_NAME:c99extidentifier)";
				SKIP_INSTALL = YES;
				SWIFT_EMIT_LOC_STRINGS = YES;
				SWIFT_VERSION = 5.0;
				VERSIONING_SYSTEM = "apple-generic";
				VERSION_INFO_PREFIX = "";
			};
			name = Debug;
		};
		77C1D6C429229CDE009A8AFF /* Release */ = {
			isa = XCBuildConfiguration;
			buildSettings = {
				CODE_SIGN_STYLE = Automatic;
				COMBINE_HIDPI_IMAGES = YES;
				CURRENT_PROJECT_VERSION = 1;
				DEFINES_MODULE = YES;
				DEVELOPMENT_TEAM = W4TK6FX4PU;
				DYLIB_COMPATIBILITY_VERSION = 1;
				DYLIB_CURRENT_VERSION = 1;
				DYLIB_INSTALL_NAME_BASE = "@rpath";
				GENERATE_INFOPLIST_FILE = YES;
				INFOPLIST_KEY_NSHumanReadableCopyright = "";
				INSTALL_PATH = "$(LOCAL_LIBRARY_DIR)/Frameworks";
				LD_RUNPATH_SEARCH_PATHS = (
					"$(inherited)",
					"@executable_path/../Frameworks",
					"@loader_path/Frameworks",
				);
				MARKETING_VERSION = 1.0;
				PRODUCT_BUNDLE_IDENTIFIER = com.makabaka.GitLogInterpreter;
				PRODUCT_NAME = "$(TARGET_NAME:c99extidentifier)";
				SKIP_INSTALL = YES;
				SWIFT_EMIT_LOC_STRINGS = YES;
				SWIFT_VERSION = 5.0;
				VERSIONING_SYSTEM = "apple-generic";
				VERSION_INFO_PREFIX = "";
			};
			name = Release;
		};
		77C1D6C529229CDE009A8AFF /* Debug */ = {
			isa = XCBuildConfiguration;
			buildSettings = {
				ALWAYS_EMBED_SWIFT_STANDARD_LIBRARIES = YES;
				CODE_SIGN_STYLE = Automatic;
				CURRENT_PROJECT_VERSION = 1;
				DEVELOPMENT_TEAM = W4TK6FX4PU;
				GENERATE_INFOPLIST_FILE = YES;
				MARKETING_VERSION = 1.0;
				PRODUCT_BUNDLE_IDENTIFIER = com.makabaka.GitLogInterpreterTests;
				PRODUCT_NAME = "$(TARGET_NAME)";
				SWIFT_EMIT_LOC_STRINGS = NO;
				SWIFT_VERSION = 5.0;
				TEST_HOST = "$(BUILT_PRODUCTS_DIR)/FunGit.app/$(BUNDLE_EXECUTABLE_FOLDER_PATH)/FunGit";
			};
			name = Debug;
		};
		77C1D6C629229CDE009A8AFF /* Release */ = {
			isa = XCBuildConfiguration;
			buildSettings = {
				ALWAYS_EMBED_SWIFT_STANDARD_LIBRARIES = YES;
				CODE_SIGN_STYLE = Automatic;
				CURRENT_PROJECT_VERSION = 1;
				DEVELOPMENT_TEAM = W4TK6FX4PU;
				GENERATE_INFOPLIST_FILE = YES;
				MARKETING_VERSION = 1.0;
				PRODUCT_BUNDLE_IDENTIFIER = com.makabaka.GitLogInterpreterTests;
				PRODUCT_NAME = "$(TARGET_NAME)";
				SWIFT_EMIT_LOC_STRINGS = NO;
				SWIFT_VERSION = 5.0;
				TEST_HOST = "$(BUILT_PRODUCTS_DIR)/FunGit.app/$(BUNDLE_EXECUTABLE_FOLDER_PATH)/FunGit";
			};
			name = Release;
		};
/* End XCBuildConfiguration section */

/* Begin XCConfigurationList section */
		77634A7C2921791700A1898B /* Build configuration list for PBXNativeTarget "FunGitTests" */ = {
			isa = XCConfigurationList;
			buildConfigurations = (
				77634A7D2921791700A1898B /* Debug */,
				77634A7E2921791700A1898B /* Release */,
			);
			defaultConfigurationIsVisible = 0;
			defaultConfigurationName = Release;
		};
		77902B362921241700D0391A /* Build configuration list for PBXProject "FunGit" */ = {
			isa = XCConfigurationList;
			buildConfigurations = (
				77902B482921241800D0391A /* Debug */,
				77902B492921241800D0391A /* Release */,
			);
			defaultConfigurationIsVisible = 0;
			defaultConfigurationName = Release;
		};
		77902B4A2921241800D0391A /* Build configuration list for PBXNativeTarget "FunGit" */ = {
			isa = XCConfigurationList;
			buildConfigurations = (
				77902B4B2921241800D0391A /* Debug */,
				77902B4C2921241800D0391A /* Release */,
			);
			defaultConfigurationIsVisible = 0;
			defaultConfigurationName = Release;
		};
		77C1D6C729229CDE009A8AFF /* Build configuration list for PBXNativeTarget "GitLogInterpreter" */ = {
			isa = XCConfigurationList;
			buildConfigurations = (
				77C1D6C329229CDE009A8AFF /* Debug */,
				77C1D6C429229CDE009A8AFF /* Release */,
			);
			defaultConfigurationIsVisible = 0;
			defaultConfigurationName = Release;
		};
		77C1D6C829229CDE009A8AFF /* Build configuration list for PBXNativeTarget "GitLogInterpreterTests" */ = {
			isa = XCConfigurationList;
			buildConfigurations = (
				77C1D6C529229CDE009A8AFF /* Debug */,
				77C1D6C629229CDE009A8AFF /* Release */,
			);
			defaultConfigurationIsVisible = 0;
			defaultConfigurationName = Release;
		};
/* End XCConfigurationList section */
	};
	rootObject = 77902B332921241700D0391A /* Project object */;
}
